// !$*UTF8*$!
{
	archiveVersion = 1;
	classes = {
	};
	objectVersion = 48;
	objects = {

/* Begin PBXBuildFile section */
		64B696A6209709C0008A14D4 /* AppDelegate.swift in Sources */ = {isa = PBXBuildFile; fileRef = 64B696A5209709C0008A14D4 /* AppDelegate.swift */; };
		64B696A8209709C0008A14D4 /* MoviesViewController.swift in Sources */ = {isa = PBXBuildFile; fileRef = 64B696A7209709C0008A14D4 /* MoviesViewController.swift */; };
		64B696AB209709C0008A14D4 /* Main.storyboard in Resources */ = {isa = PBXBuildFile; fileRef = 64B696A9209709C0008A14D4 /* Main.storyboard */; };
		64B696AD209709C0008A14D4 /* Assets.xcassets in Resources */ = {isa = PBXBuildFile; fileRef = 64B696AC209709C0008A14D4 /* Assets.xcassets */; };
		64B696B0209709C0008A14D4 /* LaunchScreen.storyboard in Resources */ = {isa = PBXBuildFile; fileRef = 64B696AE209709C0008A14D4 /* LaunchScreen.storyboard */; };
		64B696BB209709C0008A14D4 /* ThemoviedbTests.swift in Sources */ = {isa = PBXBuildFile; fileRef = 64B696BA209709C0008A14D4 /* ThemoviedbTests.swift */; };
		64B696C6209709C0008A14D4 /* ThemoviedbUITests.swift in Sources */ = {isa = PBXBuildFile; fileRef = 64B696C5209709C0008A14D4 /* ThemoviedbUITests.swift */; };
		64B696D520970A9A008A14D4 /* APIManager.swift in Sources */ = {isa = PBXBuildFile; fileRef = 64B696D420970A9A008A14D4 /* APIManager.swift */; };
		64B696DA20970B31008A14D4 /* SwiftyJSON.framework in Frameworks */ = {isa = PBXBuildFile; fileRef = 64B696D820970B31008A14D4 /* SwiftyJSON.framework */; };
		64B696DB20970B31008A14D4 /* Alamofire.framework in Frameworks */ = {isa = PBXBuildFile; fileRef = 64B696D920970B31008A14D4 /* Alamofire.framework */; };
		64B696E1209710F5008A14D4 /* Movie.swift in Sources */ = {isa = PBXBuildFile; fileRef = 64B696E0209710F5008A14D4 /* Movie.swift */; };
		64B696E320971126008A14D4 /* Constants.swift in Sources */ = {isa = PBXBuildFile; fileRef = 64B696E220971126008A14D4 /* Constants.swift */; };
		64B696E520971FEF008A14D4 /* MoviesTableView.swift in Sources */ = {isa = PBXBuildFile; fileRef = 64B696E420971FEF008A14D4 /* MoviesTableView.swift */; };
		64B696E720972076008A14D4 /* MovieTableViewCell.swift in Sources */ = {isa = PBXBuildFile; fileRef = 64B696E620972076008A14D4 /* MovieTableViewCell.swift */; };
		64B696EB2097216F008A14D4 /* SDWebImage.framework in Frameworks */ = {isa = PBXBuildFile; fileRef = 64B696EA2097216E008A14D4 /* SDWebImage.framework */; };
		64B696ED20972443008A14D4 /* MoviesViewModel.swift in Sources */ = {isa = PBXBuildFile; fileRef = 64B696EC20972443008A14D4 /* MoviesViewModel.swift */; };
		64EDC3142097715000765AEF /* SDWebImage.framework in Frameworks */ = {isa = PBXBuildFile; fileRef = 64B696EA2097216E008A14D4 /* SDWebImage.framework */; };
		64EDC3152097715400765AEF /* SwiftyJSON.framework in Frameworks */ = {isa = PBXBuildFile; fileRef = 64B696D820970B31008A14D4 /* SwiftyJSON.framework */; };
		64EDC3162097721B00765AEF /* MoviesSample.json in Resources */ = {isa = PBXBuildFile; fileRef = 64EDC31220976F0800765AEF /* MoviesSample.json */; };
		64EDC31920987A2400765AEF /* Extensions.swift in Sources */ = {isa = PBXBuildFile; fileRef = 64EDC31820987A2400765AEF /* Extensions.swift */; };
/* End PBXBuildFile section */

/* Begin PBXContainerItemProxy section */
		64B696B7209709C0008A14D4 /* PBXContainerItemProxy */ = {
			isa = PBXContainerItemProxy;
			containerPortal = 64B6969A209709C0008A14D4 /* Project object */;
			proxyType = 1;
			remoteGlobalIDString = 64B696A1209709C0008A14D4;
			remoteInfo = themoviedb;
		};
		64B696C2209709C0008A14D4 /* PBXContainerItemProxy */ = {
			isa = PBXContainerItemProxy;
			containerPortal = 64B6969A209709C0008A14D4 /* Project object */;
			proxyType = 1;
			remoteGlobalIDString = 64B696A1209709C0008A14D4;
			remoteInfo = themoviedb;
		};
/* End PBXContainerItemProxy section */

/* Begin PBXFileReference section */
		64B696A2209709C0008A14D4 /* themoviedb.app */ = {isa = PBXFileReference; explicitFileType = wrapper.application; includeInIndex = 0; path = themoviedb.app; sourceTree = BUILT_PRODUCTS_DIR; };
		64B696A5209709C0008A14D4 /* AppDelegate.swift */ = {isa = PBXFileReference; lastKnownFileType = sourcecode.swift; path = AppDelegate.swift; sourceTree = "<group>"; };
		64B696A7209709C0008A14D4 /* MoviesViewController.swift */ = {isa = PBXFileReference; lastKnownFileType = sourcecode.swift; path = MoviesViewController.swift; sourceTree = "<group>"; };
		64B696AA209709C0008A14D4 /* Base */ = {isa = PBXFileReference; lastKnownFileType = file.storyboard; name = Base; path = Base.lproj/Main.storyboard; sourceTree = "<group>"; };
		64B696AC209709C0008A14D4 /* Assets.xcassets */ = {isa = PBXFileReference; lastKnownFileType = folder.assetcatalog; path = Assets.xcassets; sourceTree = "<group>"; };
		64B696AF209709C0008A14D4 /* Base */ = {isa = PBXFileReference; lastKnownFileType = file.storyboard; name = Base; path = Base.lproj/LaunchScreen.storyboard; sourceTree = "<group>"; };
		64B696B1209709C0008A14D4 /* Info.plist */ = {isa = PBXFileReference; lastKnownFileType = text.plist.xml; path = Info.plist; sourceTree = "<group>"; };
		64B696B6209709C0008A14D4 /* themoviedbTests.xctest */ = {isa = PBXFileReference; explicitFileType = wrapper.cfbundle; includeInIndex = 0; path = themoviedbTests.xctest; sourceTree = BUILT_PRODUCTS_DIR; };
		64B696BA209709C0008A14D4 /* ThemoviedbTests.swift */ = {isa = PBXFileReference; lastKnownFileType = sourcecode.swift; path = ThemoviedbTests.swift; sourceTree = "<group>"; };
		64B696BC209709C0008A14D4 /* Info.plist */ = {isa = PBXFileReference; lastKnownFileType = text.plist.xml; path = Info.plist; sourceTree = "<group>"; };
		64B696C1209709C0008A14D4 /* themoviedbUITests.xctest */ = {isa = PBXFileReference; explicitFileType = wrapper.cfbundle; includeInIndex = 0; path = themoviedbUITests.xctest; sourceTree = BUILT_PRODUCTS_DIR; };
		64B696C5209709C0008A14D4 /* ThemoviedbUITests.swift */ = {isa = PBXFileReference; lastKnownFileType = sourcecode.swift; path = ThemoviedbUITests.swift; sourceTree = "<group>"; };
		64B696C7209709C0008A14D4 /* Info.plist */ = {isa = PBXFileReference; lastKnownFileType = text.plist.xml; path = Info.plist; sourceTree = "<group>"; };
		64B696D420970A9A008A14D4 /* APIManager.swift */ = {isa = PBXFileReference; lastKnownFileType = sourcecode.swift; path = APIManager.swift; sourceTree = "<group>"; };
		64B696D820970B31008A14D4 /* SwiftyJSON.framework */ = {isa = PBXFileReference; lastKnownFileType = wrapper.framework; name = SwiftyJSON.framework; path = Carthage/Build/iOS/SwiftyJSON.framework; sourceTree = "<group>"; };
		64B696D920970B31008A14D4 /* Alamofire.framework */ = {isa = PBXFileReference; lastKnownFileType = wrapper.framework; name = Alamofire.framework; path = Carthage/Build/iOS/Alamofire.framework; sourceTree = "<group>"; };
		64B696E0209710F5008A14D4 /* Movie.swift */ = {isa = PBXFileReference; lastKnownFileType = sourcecode.swift; path = Movie.swift; sourceTree = "<group>"; };
		64B696E220971126008A14D4 /* Constants.swift */ = {isa = PBXFileReference; lastKnownFileType = sourcecode.swift; path = Constants.swift; sourceTree = "<group>"; };
		64B696E420971FEF008A14D4 /* MoviesTableView.swift */ = {isa = PBXFileReference; lastKnownFileType = sourcecode.swift; path = MoviesTableView.swift; sourceTree = "<group>"; };
		64B696E620972076008A14D4 /* MovieTableViewCell.swift */ = {isa = PBXFileReference; lastKnownFileType = sourcecode.swift; path = MovieTableViewCell.swift; sourceTree = "<group>"; };
		64B696EA2097216E008A14D4 /* SDWebImage.framework */ = {isa = PBXFileReference; lastKnownFileType = wrapper.framework; name = SDWebImage.framework; path = Carthage/Build/iOS/SDWebImage.framework; sourceTree = "<group>"; };
		64B696EC20972443008A14D4 /* MoviesViewModel.swift */ = {isa = PBXFileReference; lastKnownFileType = sourcecode.swift; path = MoviesViewModel.swift; sourceTree = "<group>"; };
		64EDC31220976F0800765AEF /* MoviesSample.json */ = {isa = PBXFileReference; fileEncoding = 4; lastKnownFileType = text.json; path = MoviesSample.json; sourceTree = "<group>"; };
		64EDC31820987A2400765AEF /* Extensions.swift */ = {isa = PBXFileReference; lastKnownFileType = sourcecode.swift; path = Extensions.swift; sourceTree = "<group>"; };
/* End PBXFileReference section */

/* Begin PBXFrameworksBuildPhase section */
		64B6969F209709C0008A14D4 /* Frameworks */ = {
			isa = PBXFrameworksBuildPhase;
			buildActionMask = 2147483647;
			files = (
				64B696DA20970B31008A14D4 /* SwiftyJSON.framework in Frameworks */,
				64B696DB20970B31008A14D4 /* Alamofire.framework in Frameworks */,
				64B696EB2097216F008A14D4 /* SDWebImage.framework in Frameworks */,
			);
			runOnlyForDeploymentPostprocessing = 0;
		};
		64B696B3209709C0008A14D4 /* Frameworks */ = {
			isa = PBXFrameworksBuildPhase;
			buildActionMask = 2147483647;
			files = (
				64EDC3152097715400765AEF /* SwiftyJSON.framework in Frameworks */,
				64EDC3142097715000765AEF /* SDWebImage.framework in Frameworks */,
			);
			runOnlyForDeploymentPostprocessing = 0;
		};
		64B696BE209709C0008A14D4 /* Frameworks */ = {
			isa = PBXFrameworksBuildPhase;
			buildActionMask = 2147483647;
			files = (
			);
			runOnlyForDeploymentPostprocessing = 0;
		};
/* End PBXFrameworksBuildPhase section */

/* Begin PBXGroup section */
		64B69699209709C0008A14D4 = {
			isa = PBXGroup;
			children = (
				64B696A4209709C0008A14D4 /* themoviedb */,
				64B696B9209709C0008A14D4 /* themoviedbTests */,
				64B696C4209709C0008A14D4 /* themoviedbUITests */,
				64B696A3209709C0008A14D4 /* Products */,
				64B696D720970B31008A14D4 /* Frameworks */,
			);
			sourceTree = "<group>";
		};
		64B696A3209709C0008A14D4 /* Products */ = {
			isa = PBXGroup;
			children = (
				64B696A2209709C0008A14D4 /* themoviedb.app */,
				64B696B6209709C0008A14D4 /* themoviedbTests.xctest */,
				64B696C1209709C0008A14D4 /* themoviedbUITests.xctest */,
			);
			name = Products;
			sourceTree = "<group>";
		};
		64B696A4209709C0008A14D4 /* themoviedb */ = {
			isa = PBXGroup;
			children = (
				64EDC31720987A1B00765AEF /* Custom */,
				64B696DF209710D6008A14D4 /* ViewControllers */,
				64B696DE209710CD008A14D4 /* ViewModel */,
				64B696DD209710C7008A14D4 /* Views */,
				64B696DC209710B6008A14D4 /* Model */,
				64B696D320970A85008A14D4 /* API */,
				64B696A5209709C0008A14D4 /* AppDelegate.swift */,
				64B696A9209709C0008A14D4 /* Main.storyboard */,
				64B696AC209709C0008A14D4 /* Assets.xcassets */,
				64B696AE209709C0008A14D4 /* LaunchScreen.storyboard */,
				64B696B1209709C0008A14D4 /* Info.plist */,
				64B696E220971126008A14D4 /* Constants.swift */,
			);
			path = themoviedb;
			sourceTree = "<group>";
		};
		64B696B9209709C0008A14D4 /* themoviedbTests */ = {
			isa = PBXGroup;
			children = (
				64EDC31220976F0800765AEF /* MoviesSample.json */,
				64B696BA209709C0008A14D4 /* ThemoviedbTests.swift */,
				64B696BC209709C0008A14D4 /* Info.plist */,
			);
			path = themoviedbTests;
			sourceTree = "<group>";
		};
		64B696C4209709C0008A14D4 /* themoviedbUITests */ = {
			isa = PBXGroup;
			children = (
				64B696C5209709C0008A14D4 /* ThemoviedbUITests.swift */,
				64B696C7209709C0008A14D4 /* Info.plist */,
			);
			path = themoviedbUITests;
			sourceTree = "<group>";
		};
		64B696D320970A85008A14D4 /* API */ = {
			isa = PBXGroup;
			children = (
				64B696D420970A9A008A14D4 /* APIManager.swift */,
			);
			path = API;
			sourceTree = "<group>";
		};
		64B696D720970B31008A14D4 /* Frameworks */ = {
			isa = PBXGroup;
			children = (
				64B696EA2097216E008A14D4 /* SDWebImage.framework */,
				64B696D920970B31008A14D4 /* Alamofire.framework */,
				64B696D820970B31008A14D4 /* SwiftyJSON.framework */,
			);
			name = Frameworks;
			sourceTree = "<group>";
		};
		64B696DC209710B6008A14D4 /* Model */ = {
			isa = PBXGroup;
			children = (
				64B696E0209710F5008A14D4 /* Movie.swift */,
			);
			path = Model;
			sourceTree = "<group>";
		};
		64B696DD209710C7008A14D4 /* Views */ = {
			isa = PBXGroup;
			children = (
				64B696E420971FEF008A14D4 /* MoviesTableView.swift */,
				64B696E620972076008A14D4 /* MovieTableViewCell.swift */,
			);
			path = Views;
			sourceTree = "<group>";
		};
		64B696DE209710CD008A14D4 /* ViewModel */ = {
			isa = PBXGroup;
			children = (
				64B696EC20972443008A14D4 /* MoviesViewModel.swift */,
			);
			path = ViewModel;
			sourceTree = "<group>";
		};
		64B696DF209710D6008A14D4 /* ViewControllers */ = {
			isa = PBXGroup;
			children = (
				64B696A7209709C0008A14D4 /* MoviesViewController.swift */,
			);
			path = ViewControllers;
			sourceTree = "<group>";
		};
		64EDC31720987A1B00765AEF /* Custom */ = {
			isa = PBXGroup;
			children = (
				64EDC31820987A2400765AEF /* Extensions.swift */,
			);
			path = Custom;
			sourceTree = "<group>";
		};
/* End PBXGroup section */

/* Begin PBXNativeTarget section */
		64B696A1209709C0008A14D4 /* themoviedb */ = {
			isa = PBXNativeTarget;
			buildConfigurationList = 64B696CA209709C0008A14D4 /* Build configuration list for PBXNativeTarget "themoviedb" */;
			buildPhases = (
				64B6969E209709C0008A14D4 /* Sources */,
				64B6969F209709C0008A14D4 /* Frameworks */,
				64B696A0209709C0008A14D4 /* Resources */,
				64B696D620970AC8008A14D4 /* Carthage Frameworks */,
			);
			buildRules = (
			);
			dependencies = (
			);
			name = themoviedb;
			productName = themoviedb;
			productReference = 64B696A2209709C0008A14D4 /* themoviedb.app */;
			productType = "com.apple.product-type.application";
		};
		64B696B5209709C0008A14D4 /* themoviedbTests */ = {
			isa = PBXNativeTarget;
			buildConfigurationList = 64B696CD209709C0008A14D4 /* Build configuration list for PBXNativeTarget "themoviedbTests" */;
			buildPhases = (
				64B696B2209709C0008A14D4 /* Sources */,
				64B696B3209709C0008A14D4 /* Frameworks */,
				64B696B4209709C0008A14D4 /* Resources */,
			);
			buildRules = (
			);
			dependencies = (
				64B696B8209709C0008A14D4 /* PBXTargetDependency */,
			);
			name = themoviedbTests;
			productName = themoviedbTests;
			productReference = 64B696B6209709C0008A14D4 /* themoviedbTests.xctest */;
			productType = "com.apple.product-type.bundle.unit-test";
		};
		64B696C0209709C0008A14D4 /* themoviedbUITests */ = {
			isa = PBXNativeTarget;
			buildConfigurationList = 64B696D0209709C0008A14D4 /* Build configuration list for PBXNativeTarget "themoviedbUITests" */;
			buildPhases = (
				64B696BD209709C0008A14D4 /* Sources */,
				64B696BE209709C0008A14D4 /* Frameworks */,
				64B696BF209709C0008A14D4 /* Resources */,
			);
			buildRules = (
			);
			dependencies = (
				64B696C3209709C0008A14D4 /* PBXTargetDependency */,
			);
			name = themoviedbUITests;
			productName = themoviedbUITests;
			productReference = 64B696C1209709C0008A14D4 /* themoviedbUITests.xctest */;
			productType = "com.apple.product-type.bundle.ui-testing";
		};
/* End PBXNativeTarget section */

/* Begin PBXProject section */
		64B6969A209709C0008A14D4 /* Project object */ = {
			isa = PBXProject;
			attributes = {
				LastSwiftUpdateCheck = 0920;
				LastUpgradeCheck = 0920;
				ORGANIZATIONNAME = "Laurent Meert";
				TargetAttributes = {
					64B696A1209709C0008A14D4 = {
						CreatedOnToolsVersion = 9.2;
						ProvisioningStyle = Automatic;
					};
					64B696B5209709C0008A14D4 = {
						CreatedOnToolsVersion = 9.2;
						ProvisioningStyle = Automatic;
						TestTargetID = 64B696A1209709C0008A14D4;
					};
					64B696C0209709C0008A14D4 = {
						CreatedOnToolsVersion = 9.2;
						ProvisioningStyle = Automatic;
						TestTargetID = 64B696A1209709C0008A14D4;
					};
				};
			};
			buildConfigurationList = 64B6969D209709C0008A14D4 /* Build configuration list for PBXProject "themoviedb" */;
			compatibilityVersion = "Xcode 8.0";
			developmentRegion = en;
			hasScannedForEncodings = 0;
			knownRegions = (
				en,
				Base,
			);
			mainGroup = 64B69699209709C0008A14D4;
			productRefGroup = 64B696A3209709C0008A14D4 /* Products */;
			projectDirPath = "";
			projectRoot = "";
			targets = (
				64B696A1209709C0008A14D4 /* themoviedb */,
				64B696B5209709C0008A14D4 /* themoviedbTests */,
				64B696C0209709C0008A14D4 /* themoviedbUITests */,
			);
		};
/* End PBXProject section */

/* Begin PBXResourcesBuildPhase section */
		64B696A0209709C0008A14D4 /* Resources */ = {
			isa = PBXResourcesBuildPhase;
			buildActionMask = 2147483647;
			files = (
				64EDC3162097721B00765AEF /* MoviesSample.json in Resources */,
				64B696B0209709C0008A14D4 /* LaunchScreen.storyboard in Resources */,
				64B696AD209709C0008A14D4 /* Assets.xcassets in Resources */,
				64B696AB209709C0008A14D4 /* Main.storyboard in Resources */,
			);
			runOnlyForDeploymentPostprocessing = 0;
		};
		64B696B4209709C0008A14D4 /* Resources */ = {
			isa = PBXResourcesBuildPhase;
			buildActionMask = 2147483647;
			files = (
			);
			runOnlyForDeploymentPostprocessing = 0;
		};
		64B696BF209709C0008A14D4 /* Resources */ = {
			isa = PBXResourcesBuildPhase;
			buildActionMask = 2147483647;
			files = (
			);
			runOnlyForDeploymentPostprocessing = 0;
		};
/* End PBXResourcesBuildPhase section */

/* Begin PBXShellScriptBuildPhase section */
		64B696D620970AC8008A14D4 /* Carthage Frameworks */ = {
			isa = PBXShellScriptBuildPhase;
			buildActionMask = 2147483647;
			files = (
			);
			inputPaths = (
				"$(SRCROOT)/Carthage/Build/iOS/Alamofire.framework",
				"$(SRCROOT)/Carthage/Build/iOS/SwiftyJSON.framework",
				"$(SRCROOT)/Carthage/Build/iOS/SDWebImage.framework",
			);
			name = "Carthage Frameworks";
			outputPaths = (
			);
			runOnlyForDeploymentPostprocessing = 0;
			shellPath = /bin/sh;
			shellScript = "/usr/local/bin/carthage copy-frameworks";
		};
/* End PBXShellScriptBuildPhase section */

/* Begin PBXSourcesBuildPhase section */
		64B6969E209709C0008A14D4 /* Sources */ = {
			isa = PBXSourcesBuildPhase;
			buildActionMask = 2147483647;
			files = (
				64B696E320971126008A14D4 /* Constants.swift in Sources */,
				64EDC31920987A2400765AEF /* Extensions.swift in Sources */,
				64B696E520971FEF008A14D4 /* MoviesTableView.swift in Sources */,
				64B696E720972076008A14D4 /* MovieTableViewCell.swift in Sources */,
				64B696D520970A9A008A14D4 /* APIManager.swift in Sources */,
				64B696A8209709C0008A14D4 /* MoviesViewController.swift in Sources */,
				64B696E1209710F5008A14D4 /* Movie.swift in Sources */,
				64B696A6209709C0008A14D4 /* AppDelegate.swift in Sources */,
				64B696ED20972443008A14D4 /* MoviesViewModel.swift in Sources */,
			);
			runOnlyForDeploymentPostprocessing = 0;
		};
		64B696B2209709C0008A14D4 /* Sources */ = {
			isa = PBXSourcesBuildPhase;
			buildActionMask = 2147483647;
			files = (
				64B696BB209709C0008A14D4 /* ThemoviedbTests.swift in Sources */,
			);
			runOnlyForDeploymentPostprocessing = 0;
		};
		64B696BD209709C0008A14D4 /* Sources */ = {
			isa = PBXSourcesBuildPhase;
			buildActionMask = 2147483647;
			files = (
				64B696C6209709C0008A14D4 /* ThemoviedbUITests.swift in Sources */,
			);
			runOnlyForDeploymentPostprocessing = 0;
		};
/* End PBXSourcesBuildPhase section */

/* Begin PBXTargetDependency section */
		64B696B8209709C0008A14D4 /* PBXTargetDependency */ = {
			isa = PBXTargetDependency;
			target = 64B696A1209709C0008A14D4 /* themoviedb */;
			targetProxy = 64B696B7209709C0008A14D4 /* PBXContainerItemProxy */;
		};
		64B696C3209709C0008A14D4 /* PBXTargetDependency */ = {
			isa = PBXTargetDependency;
			target = 64B696A1209709C0008A14D4 /* themoviedb */;
			targetProxy = 64B696C2209709C0008A14D4 /* PBXContainerItemProxy */;
		};
/* End PBXTargetDependency section */

/* Begin PBXVariantGroup section */
		64B696A9209709C0008A14D4 /* Main.storyboard */ = {
			isa = PBXVariantGroup;
			children = (
				64B696AA209709C0008A14D4 /* Base */,
			);
			name = Main.storyboard;
			sourceTree = "<group>";
		};
		64B696AE209709C0008A14D4 /* LaunchScreen.storyboard */ = {
			isa = PBXVariantGroup;
			children = (
				64B696AF209709C0008A14D4 /* Base */,
			);
			name = LaunchScreen.storyboard;
			sourceTree = "<group>";
		};
/* End PBXVariantGroup section */

/* Begin XCBuildConfiguration section */
		64B696C8209709C0008A14D4 /* Debug */ = {
			isa = XCBuildConfiguration;
			buildSettings = {
				ALWAYS_SEARCH_USER_PATHS = NO;
				CLANG_ANALYZER_NONNULL = YES;
				CLANG_ANALYZER_NUMBER_OBJECT_CONVERSION = YES_AGGRESSIVE;
				CLANG_CXX_LANGUAGE_STANDARD = "gnu++14";
				CLANG_CXX_LIBRARY = "libc++";
				CLANG_ENABLE_MODULES = YES;
				CLANG_ENABLE_OBJC_ARC = YES;
				CLANG_WARN_BLOCK_CAPTURE_AUTORELEASING = YES;
				CLANG_WARN_BOOL_CONVERSION = YES;
				CLANG_WARN_COMMA = YES;
				CLANG_WARN_CONSTANT_CONVERSION = YES;
				CLANG_WARN_DIRECT_OBJC_ISA_USAGE = YES_ERROR;
				CLANG_WARN_DOCUMENTATION_COMMENTS = YES;
				CLANG_WARN_EMPTY_BODY = YES;
				CLANG_WARN_ENUM_CONVERSION = YES;
				CLANG_WARN_INFINITE_RECURSION = YES;
				CLANG_WARN_INT_CONVERSION = YES;
				CLANG_WARN_NON_LITERAL_NULL_CONVERSION = YES;
				CLANG_WARN_OBJC_LITERAL_CONVERSION = YES;
				CLANG_WARN_OBJC_ROOT_CLASS = YES_ERROR;
				CLANG_WARN_RANGE_LOOP_ANALYSIS = YES;
				CLANG_WARN_STRICT_PROTOTYPES = YES;
				CLANG_WARN_SUSPICIOUS_MOVE = YES;
				CLANG_WARN_UNGUARDED_AVAILABILITY = YES_AGGRESSIVE;
				CLANG_WARN_UNREACHABLE_CODE = YES;
				CLANG_WARN__DUPLICATE_METHOD_MATCH = YES;
				CODE_SIGN_IDENTITY = "iPhone Developer";
				COPY_PHASE_STRIP = NO;
				DEBUG_INFORMATION_FORMAT = dwarf;
				ENABLE_STRICT_OBJC_MSGSEND = YES;
				ENABLE_TESTABILITY = YES;
				GCC_C_LANGUAGE_STANDARD = gnu11;
				GCC_DYNAMIC_NO_PIC = NO;
				GCC_NO_COMMON_BLOCKS = YES;
				GCC_OPTIMIZATION_LEVEL = 0;
				GCC_PREPROCESSOR_DEFINITIONS = (
					"DEBUG=1",
					"$(inherited)",
				);
				GCC_WARN_64_TO_32_BIT_CONVERSION = YES;
				GCC_WARN_ABOUT_RETURN_TYPE = YES_ERROR;
				GCC_WARN_UNDECLARED_SELECTOR = YES;
				GCC_WARN_UNINITIALIZED_AUTOS = YES_AGGRESSIVE;
				GCC_WARN_UNUSED_FUNCTION = YES;
				GCC_WARN_UNUSED_VARIABLE = YES;
				IPHONEOS_DEPLOYMENT_TARGET = 11.2;
				MTL_ENABLE_DEBUG_INFO = YES;
				ONLY_ACTIVE_ARCH = YES;
				SDKROOT = iphoneos;
				SWIFT_ACTIVE_COMPILATION_CONDITIONS = DEBUG;
				SWIFT_OPTIMIZATION_LEVEL = "-Onone";
			};
			name = Debug;
		};
		64B696C9209709C0008A14D4 /* Release */ = {
			isa = XCBuildConfiguration;
			buildSettings = {
				ALWAYS_SEARCH_USER_PATHS = NO;
				CLANG_ANALYZER_NONNULL = YES;
				CLANG_ANALYZER_NUMBER_OBJECT_CONVERSION = YES_AGGRESSIVE;
				CLANG_CXX_LANGUAGE_STANDARD = "gnu++14";
				CLANG_CXX_LIBRARY = "libc++";
				CLANG_ENABLE_MODULES = YES;
				CLANG_ENABLE_OBJC_ARC = YES;
				CLANG_WARN_BLOCK_CAPTURE_AUTORELEASING = YES;
				CLANG_WARN_BOOL_CONVERSION = YES;
				CLANG_WARN_COMMA = YES;
				CLANG_WARN_CONSTANT_CONVERSION = YES;
				CLANG_WARN_DIRECT_OBJC_ISA_USAGE = YES_ERROR;
				CLANG_WARN_DOCUMENTATION_COMMENTS = YES;
				CLANG_WARN_EMPTY_BODY = YES;
				CLANG_WARN_ENUM_CONVERSION = YES;
				CLANG_WARN_INFINITE_RECURSION = YES;
				CLANG_WARN_INT_CONVERSION = YES;
				CLANG_WARN_NON_LITERAL_NULL_CONVERSION = YES;
				CLANG_WARN_OBJC_LITERAL_CONVERSION = YES;
				CLANG_WARN_OBJC_ROOT_CLASS = YES_ERROR;
				CLANG_WARN_RANGE_LOOP_ANALYSIS = YES;
				CLANG_WARN_STRICT_PROTOTYPES = YES;
				CLANG_WARN_SUSPICIOUS_MOVE = YES;
				CLANG_WARN_UNGUARDED_AVAILABILITY = YES_AGGRESSIVE;
				CLANG_WARN_UNREACHABLE_CODE = YES;
				CLANG_WARN__DUPLICATE_METHOD_MATCH = YES;
				CODE_SIGN_IDENTITY = "iPhone Developer";
				COPY_PHASE_STRIP = NO;
				DEBUG_INFORMATION_FORMAT = "dwarf-with-dsym";
				ENABLE_NS_ASSERTIONS = NO;
				ENABLE_STRICT_OBJC_MSGSEND = YES;
				GCC_C_LANGUAGE_STANDARD = gnu11;
				GCC_NO_COMMON_BLOCKS = YES;
				GCC_WARN_64_TO_32_BIT_CONVERSION = YES;
				GCC_WARN_ABOUT_RETURN_TYPE = YES_ERROR;
				GCC_WARN_UNDECLARED_SELECTOR = YES;
				GCC_WARN_UNINITIALIZED_AUTOS = YES_AGGRESSIVE;
				GCC_WARN_UNUSED_FUNCTION = YES;
				GCC_WARN_UNUSED_VARIABLE = YES;
				IPHONEOS_DEPLOYMENT_TARGET = 11.2;
				MTL_ENABLE_DEBUG_INFO = NO;
				SDKROOT = iphoneos;
				SWIFT_OPTIMIZATION_LEVEL = "-Owholemodule";
				VALIDATE_PRODUCT = YES;
			};
			name = Release;
		};
		64B696CB209709C0008A14D4 /* Debug */ = {
			isa = XCBuildConfiguration;
			buildSettings = {
				ASSETCATALOG_COMPILER_APPICON_NAME = AppIcon;
				CODE_SIGN_STYLE = Automatic;
				DEVELOPMENT_TEAM = E7DGCG72AA;
				FRAMEWORK_SEARCH_PATHS = (
					"$(inherited)",
					"$(PROJECT_DIR)/Carthage/Build/iOS",
				);
				INFOPLIST_FILE = themoviedb/Info.plist;
				LD_RUNPATH_SEARCH_PATHS = "$(inherited) @executable_path/Frameworks";
				PRODUCT_BUNDLE_IDENTIFIER = com.touchbesoft.themoviedb;
				PRODUCT_NAME = "$(TARGET_NAME)";
				SWIFT_VERSION = 4.0;
				TARGETED_DEVICE_FAMILY = "1,2";
			};
			name = Debug;
		};
		64B696CC209709C0008A14D4 /* Release */ = {
			isa = XCBuildConfiguration;
			buildSettings = {
				ASSETCATALOG_COMPILER_APPICON_NAME = AppIcon;
				CODE_SIGN_STYLE = Automatic;
				DEVELOPMENT_TEAM = E7DGCG72AA;
				FRAMEWORK_SEARCH_PATHS = (
					"$(inherited)",
					"$(PROJECT_DIR)/Carthage/Build/iOS",
				);
				INFOPLIST_FILE = themoviedb/Info.plist;
				LD_RUNPATH_SEARCH_PATHS = "$(inherited) @executable_path/Frameworks";
				PRODUCT_BUNDLE_IDENTIFIER = com.touchbesoft.themoviedb;
				PRODUCT_NAME = "$(TARGET_NAME)";
				SWIFT_VERSION = 4.0;
				TARGETED_DEVICE_FAMILY = "1,2";
			};
			name = Release;
		};
		64B696CE209709C0008A14D4 /* Debug */ = {
			isa = XCBuildConfiguration;
			buildSettings = {
				ALWAYS_EMBED_SWIFT_STANDARD_LIBRARIES = YES;
				BUNDLE_LOADER = "$(TEST_HOST)";
				CODE_SIGN_STYLE = Automatic;
				DEVELOPMENT_TEAM = E7DGCG72AA;
				FRAMEWORK_SEARCH_PATHS = (
					"$(inherited)",
					"$(PROJECT_DIR)/Carthage/Build/iOS",
				);
				INFOPLIST_FILE = themoviedbTests/Info.plist;
				LD_RUNPATH_SEARCH_PATHS = "$(inherited) @executable_path/Frameworks @loader_path/Frameworks";
				PRODUCT_BUNDLE_IDENTIFIER = com.touchbesoft.themoviedbTests;
				PRODUCT_NAME = "$(TARGET_NAME)";
				SWIFT_VERSION = 4.0;
				TARGETED_DEVICE_FAMILY = "1,2";
				TEST_HOST = "$(BUILT_PRODUCTS_DIR)/themoviedb.app/themoviedb";
			};
			name = Debug;
		};
		64B696CF209709C0008A14D4 /* Release */ = {
			isa = XCBuildConfiguration;
			buildSettings = {
				ALWAYS_EMBED_SWIFT_STANDARD_LIBRARIES = YES;
				BUNDLE_LOADER = "$(TEST_HOST)";
				CODE_SIGN_STYLE = Automatic;
				DEVELOPMENT_TEAM = E7DGCG72AA;
				FRAMEWORK_SEARCH_PATHS = (
					"$(inherited)",
					"$(PROJECT_DIR)/Carthage/Build/iOS",
				);
				INFOPLIST_FILE = themoviedbTests/Info.plist;
				LD_RUNPATH_SEARCH_PATHS = "$(inherited) @executable_path/Frameworks @loader_path/Frameworks";
				PRODUCT_BUNDLE_IDENTIFIER = com.touchbesoft.themoviedbTests;
				PRODUCT_NAME = "$(TARGET_NAME)";
				SWIFT_VERSION = 4.0;
				TARGETED_DEVICE_FAMILY = "1,2";
				TEST_HOST = "$(BUILT_PRODUCTS_DIR)/themoviedb.app/themoviedb";
			};
			name = Release;
		};
		64B696D1209709C0008A14D4 /* Debug */ = {
			isa = XCBuildConfiguration;
			buildSettings = {
				ALWAYS_EMBED_SWIFT_STANDARD_LIBRARIES = YES;
				CODE_SIGN_STYLE = Automatic;
				DEVELOPMENT_TEAM = E7DGCG72AA;
				INFOPLIST_FILE = themoviedbUITests/Info.plist;
				LD_RUNPATH_SEARCH_PATHS = "$(inherited) @executable_path/Frameworks @loader_path/Frameworks";
				PRODUCT_BUNDLE_IDENTIFIER = com.touchbesoft.themoviedbUITests;
				PRODUCT_NAME = "$(TARGET_NAME)";
				SWIFT_VERSION = 4.0;
				TARGETED_DEVICE_FAMILY = "1,2";
				TEST_TARGET_NAME = themoviedb;
			};
			name = Debug;
		};
		64B696D2209709C0008A14D4 /* Release */ = {
			isa = XCBuildConfiguration;
			buildSettings = {
				ALWAYS_EMBED_SWIFT_STANDARD_LIBRARIES = YES;
				CODE_SIGN_STYLE = Automatic;
				DEVELOPMENT_TEAM = E7DGCG72AA;
				INFOPLIST_FILE = themoviedbUITests/Info.plist;
				LD_RUNPATH_SEARCH_PATHS = "$(inherited) @executable_path/Frameworks @loader_path/Frameworks";
				PRODUCT_BUNDLE_IDENTIFIER = com.touchbesoft.themoviedbUITests;
				PRODUCT_NAME = "$(TARGET_NAME)";
				SWIFT_VERSION = 4.0;
				TARGETED_DEVICE_FAMILY = "1,2";
				TEST_TARGET_NAME = themoviedb;
			};
			name = Release;
		};
/* End XCBuildConfiguration section */

/* Begin XCConfigurationList section */
		64B6969D209709C0008A14D4 /* Build configuration list for PBXProject "themoviedb" */ = {
			isa = XCConfigurationList;
			buildConfigurations = (
				64B696C8209709C0008A14D4 /* Debug */,
				64B696C9209709C0008A14D4 /* Release */,
			);
			defaultConfigurationIsVisible = 0;
			defaultConfigurationName = Release;
		};
		64B696CA209709C0008A14D4 /* Build configuration list for PBXNativeTarget "themoviedb" */ = {
			isa = XCConfigurationList;
			buildConfigurations = (
				64B696CB209709C0008A14D4 /* Debug */,
				64B696CC209709C0008A14D4 /* Release */,
			);
			defaultConfigurationIsVisible = 0;
			defaultConfigurationName = Release;
		};
		64B696CD209709C0008A14D4 /* Build configuration list for PBXNativeTarget "themoviedbTests" */ = {
			isa = XCConfigurationList;
			buildConfigurations = (
				64B696CE209709C0008A14D4 /* Debug */,
				64B696CF209709C0008A14D4 /* Release */,
			);
			defaultConfigurationIsVisible = 0;
			defaultConfigurationName = Release;
		};
		64B696D0209709C0008A14D4 /* Build configuration list for PBXNativeTarget "themoviedbUITests" */ = {
			isa = XCConfigurationList;
			buildConfigurations = (
				64B696D1209709C0008A14D4 /* Debug */,
				64B696D2209709C0008A14D4 /* Release */,
			);
			defaultConfigurationIsVisible = 0;
			defaultConfigurationName = Release;
		};
/* End XCConfigurationList section */
	};
	rootObject = 64B6969A209709C0008A14D4 /* Project object */;
}
